
Microsoft Visual Studio Solution File, Format Version 12.00
# Visual Studio 15
VisualStudioVersion = 15.0.28307.1062
MinimumVisualStudioVersion = 10.0.40219.1
Project("{8BC9CEB8-8B4A-11D0-8D11-00A0C91BC942}") = "PPLab3", "PPLab3\PPLab3.vcxproj", "{3717E5CB-3FFE-4AA3-934D-1A72CEC7DE46}"
EndProject
Project("{8BC9CEB8-8B4A-11D0-8D11-00A0C91BC942}") = "MPI", "MPI\MPI.vcxproj", "{9F4307B9-32CC-436A-B4B0-4DA4266BF675}"
EndProject
Global
	GlobalSection(SolutionConfigurationPlatforms) = preSolution
		Debug|x64 = Debug|x64
		Debug|x86 = Debug|x86
		Release|x64 = Release|x64
		Release|x86 = Release|x86
	EndGlobalSection
	GlobalSection(ProjectConfigurationPlatforms) = postSolution
		{3717E5CB-3FFE-4AA3-934D-1A72CEC7DE46}.Debug|x64.ActiveCfg = Debug|x64
		{3717E5CB-3FFE-4AA3-934D-1A72CEC7DE46}.Debug|x64.Build.0 = Debug|x64
		{3717E5CB-3FFE-4AA3-934D-1A72CEC7DE46}.Debug|x86.ActiveCfg = Debug|Win32
		{3717E5CB-3FFE-4AA3-934D-1A72CEC7DE46}.Debug|x86.Build.0 = Debug|Win32
		{3717E5CB-3FFE-4AA3-934D-1A72CEC7DE46}.Release|x64.ActiveCfg = Release|x64
		{3717E5CB-3FFE-4AA3-934D-1A72CEC7DE46}.Release|x64.Build.0 = Release|x64
		{3717E5CB-3FFE-4AA3-934D-1A72CEC7DE46}.Release|x86.ActiveCfg = Release|Win32
		{3717E5CB-3FFE-4AA3-934D-1A72CEC7DE46}.Release|x86.Build.0 = Release|Win32
		{9F4307B9-32CC-436A-B4B0-4DA4266BF675}.Debug|x64.ActiveCfg = Debug|x64
		{9F4307B9-32CC-436A-B4B0-4DA4266BF675}.Debug|x64.Build.0 = Debug|x64
		{9F4307B9-32CC-436A-B4B0-4DA4266BF675}.Debug|x86.ActiveCfg = Debug|Win32
		{9F4307B9-32CC-436A-B4B0-4DA4266BF675}.Debug|x86.Build.0 = Debug|Win32
		{9F4307B9-32CC-436A-B4B0-4DA4266BF675}.Release|x64.ActiveCfg = Release|x64
		{9F4307B9-32CC-436A-B4B0-4DA4266BF675}.Release|x64.Build.0 = Release|x64
		{9F4307B9-32CC-436A-B4B0-4DA4266BF675}.Release|x86.ActiveCfg = Release|Win32
		{9F4307B9-32CC-436A-B4B0-4DA4266BF675}.Release|x86.Build.0 = Release|Win32
	EndGlobalSection
	GlobalSection(SolutionProperties) = preSolution
		HideSolutionNode = FALSE
	EndGlobalSection
	GlobalSection(ExtensibilityGlobals) = postSolution
		SolutionGuid = {7D41C392-0B22-4761-A637-8081AE875981}
	EndGlobalSection
EndGlobal
